{
  "name": "javascript",
  "version": "1.0.0",
  "lockfileVersion": 3,
  "requires": true,
  "packages": {
    "": {
      "name": "javascript",
      "version": "1.0.0",
      "license": "ISC",
      "dependencies": {
        "pynput": "^0.2.2"
      }
    },
    "node_modules/pynput": {
      "version": "0.2.2",
      "resolved": "https://registry.npmjs.org/pynput/-/pynput-0.2.2.tgz",
      "integrity": "sha512-5cvnlC09eaAZL+CyAN8QjV0cN/11ilnXm1usAGd5A5IfWRCEjDvGkvY5fUf0BMpu7Gg4AH/W2pwhTgvRFsuaag==",
      "license": "MIT"
    }
  }
}
